
Microsoft Visual Studio Solution File, Format Version 12.00
# Visual Studio Version 17
VisualStudioVersion = 17.3.32901.215
MinimumVisualStudioVersion = 10.0.40219.1
Project("{2150E333-8FDC-42A3-9474-1A3956D46DE8}") = "MAUI", "MAUI", "{441DD2C8-C3E0-4366-957F-005A24FAD4BF}"
EndProject
Project("{2150E333-8FDC-42A3-9474-1A3956D46DE8}") = "Solution Items", "Solution Items", "{C33A2D47-7027-4CCA-9C9A-F49DA86A2391}"
	ProjectSection(SolutionItems) = preProject
		.gitignore = .gitignore
		LICENSE = LICENSE
		README.md = README.md
	EndProjectSection
EndProject
Project("{9A19103F-16F7-4668-BE54-9A1E7A4F7556}") = "MauiApp1", "MAUI\MauiApp1\MauiApp1.csproj", "{9F4E16F6-7C8F-4F24-8ED6-2F9CC94E8299}"
EndProject
Project("{2150E333-8FDC-42A3-9474-1A3956D46DE8}") = "Blazor", "Blazor", "{F9DCC263-294E-4A39-90C0-482E5EEEFBC7}"
EndProject
Project("{FAE04EC0-301F-11D3-BF4B-00C04F79EFBC}") = "BlazorServerApp", "Blazor\BlazorServerApp\BlazorServerApp.csproj", "{62E5B4A0-DC0D-4269-941F-39723D2A4B9F}"
EndProject
Project("{2150E333-8FDC-42A3-9474-1A3956D46DE8}") = "Source", "Source", "{1BF94B56-5351-45DD-918E-C5C73F7A184F}"
	ProjectSection(SolutionItems) = preProject
		Source\README.md = Source\README.md
	EndProjectSection
EndProject
Global
	GlobalSection(SolutionConfigurationPlatforms) = preSolution
		Debug|Any CPU = Debug|Any CPU
		Release|Any CPU = Release|Any CPU
	EndGlobalSection
	GlobalSection(ProjectConfigurationPlatforms) = postSolution
		{9F4E16F6-7C8F-4F24-8ED6-2F9CC94E8299}.Debug|Any CPU.ActiveCfg = Debug|Any CPU
		{9F4E16F6-7C8F-4F24-8ED6-2F9CC94E8299}.Debug|Any CPU.Build.0 = Debug|Any CPU
		{9F4E16F6-7C8F-4F24-8ED6-2F9CC94E8299}.Debug|Any CPU.Deploy.0 = Debug|Any CPU
		{9F4E16F6-7C8F-4F24-8ED6-2F9CC94E8299}.Release|Any CPU.ActiveCfg = Release|Any CPU
		{9F4E16F6-7C8F-4F24-8ED6-2F9CC94E8299}.Release|Any CPU.Build.0 = Release|Any CPU
		{9F4E16F6-7C8F-4F24-8ED6-2F9CC94E8299}.Release|Any CPU.Deploy.0 = Release|Any CPU
		{62E5B4A0-DC0D-4269-941F-39723D2A4B9F}.Debug|Any CPU.ActiveCfg = Debug|Any CPU
		{62E5B4A0-DC0D-4269-941F-39723D2A4B9F}.Debug|Any CPU.Build.0 = Debug|Any CPU
		{62E5B4A0-DC0D-4269-941F-39723D2A4B9F}.Release|Any CPU.ActiveCfg = Release|Any CPU
		{62E5B4A0-DC0D-4269-941F-39723D2A4B9F}.Release|Any CPU.Build.0 = Release|Any CPU
	EndGlobalSection
	GlobalSection(SolutionProperties) = preSolution
		HideSolutionNode = FALSE
	EndGlobalSection
	GlobalSection(NestedProjects) = preSolution
		{9F4E16F6-7C8F-4F24-8ED6-2F9CC94E8299} = {441DD2C8-C3E0-4366-957F-005A24FAD4BF}
		{62E5B4A0-DC0D-4269-941F-39723D2A4B9F} = {F9DCC263-294E-4A39-90C0-482E5EEEFBC7}
	EndGlobalSection
	GlobalSection(ExtensibilityGlobals) = postSolution
		SolutionGuid = {AA0D97A1-B2B9-4A2D-BB37-0128D1BF225F}
	EndGlobalSection
EndGlobal
